{
  "lockfile_version": "1",
  "packages": {
    "cargo@1.93.0": {
      "last_modified": "2026-02-23T15:40:43Z",
      "resolved": "github:NixOS/nixpkgs/80d901ec0377e19ac3f7bb8c035201e2e098cc97#cargo",
      "source": "devbox-search",
      "version": "1.93.0",
      "systems": {
        "aarch64-darwin": {
          "outputs": [
            {
              "name": "out",
              "path": "/nix/store/v21x5yl04z0l303iz6ir5aqy9jzzrn76-cargo-1.93.0",
              "default": true
            }
          ],
          "store_path": "/nix/store/v21x5yl04z0l303iz6ir5aqy9jzzrn76-cargo-1.93.0"
        },
        "aarch64-linux": {
          "outputs": [
            {
              "name": "out",
              "path": "/nix/store/s7hb3dlngzws3rxjd30x9n6c7l2vmx2f-cargo-1.93.0",
              "default": true
            }
          ],
          "store_path": "/nix/store/s7hb3dlngzws3rxjd30x9n6c7l2vmx2f-cargo-1.93.0"
        },
        "x86_64-darwin": {
          "outputs": [
            {
              "name": "out",
              "path": "/nix/store/js7zd17w17ha6na0qj2rb052rpgjm69l-cargo-1.93.0",
              "default": true
            }
          ],
          "store_path": "/nix/store/js7zd17w17ha6na0qj2rb052rpgjm69l-cargo-1.93.0"
        },
        "x86_64-linux": {
          "outputs": [
            {
              "name": "out",
              "path": "/nix/store/p96faw8wiwi10cy94hr42gzmiapv15fm-cargo-1.93.0",
              "default": true
            }
          ],
          "store_path": "/nix/store/p96faw8wiwi10cy94hr42gzmiapv15fm-cargo-1.93.0"
        }
      }
    },
    "clippy@1.93.0": {
      "last_modified": "2026-02-23T15:40:43Z",
      "resolved": "github:NixOS/nixpkgs/80d901ec0377e19ac3f7bb8c035201e2e098cc97#clippy",
      "source": "devbox-search",
      "version": "1.93.0",
      "systems": {
        "aarch64-darwin": {
          "outputs": [
            {
              "name": "out",
              "path": "/nix/store/xaqjf38v233s2i60jpjhv9akyd5zkw0m-clippy-1.93.0",
              "default": true
            }
          ],
          "store_path": "/nix/store/xaqjf38v233s2i60jpjhv9akyd5zkw0m-clippy-1.93.0"
        },
        "aarch64-linux": {
          "outputs": [
            {
              "name": "out",
              "path": "/nix/store/gypngfg4hdpsfvjpswa95g77zz47r78v-clippy-1.93.0",
              "default": true
            },
            {
              "name": "debug",
              "path": "/nix/store/2p0f4abpa9w0cgi7853ad8fqiv4rzsv2-clippy-1.93.0-debug"
            }
          ],
          "store_path": "/nix/store/gypngfg4hdpsfvjpswa95g77zz47r78v-clippy-1.93.0"
        },
        "x86_64-darwin": {
          "outputs": [
            {
              "name": "out",
              "path": "/nix/store/i3m6fpdk1n1nqbb5gqzyjsn1lksqp60b-clippy-1.93.0",
              "default": true
            }
          ],
          "store_path": "/nix/store/i3m6fpdk1n1nqbb5gqzyjsn1lksqp60b-clippy-1.93.0"
        },
        "x86_64-linux": {
          "outputs": [
            {
              "name": "out",
              "path": "/nix/store/0yj3hz7imj1zxmppn9gfps8h2jmvdi7g-clippy-1.93.0",
              "default": true
            },
            {
              "name": "debug",
              "path": "/nix/store/5v47mbiidhck8rzw141hvmwkh515pfg3-clippy-1.93.0-debug"
            }
          ],
          "store_path": "/nix/store/0yj3hz7imj1zxmppn9gfps8h2jmvdi7g-clippy-1.93.0"
        }
      }
    },
    "github:NixOS/nixpkgs/nixpkgs-unstable": {
      "last_modified": "2026-02-27T06:27:13Z",
      "resolved": "github:NixOS/nixpkgs/c0f3d81a7ddbc2b1332be0d8481a672b4f6004d6?lastModified=1772173633&narHash=sha256-MOH58F4AIbCkh6qlQcwMycyk5SWvsqnS%2FTCfnqDlpj4%3D"
    },
    "github:contini-aron/nixos-conf/main#neovim-conf": {
      "last_modified": "2026-02-08T15:50:23Z",
      "resolved": "github:contini-aron/nixos-conf/6ff5c59f836a16dd83433f12f870a70de8dd530e?lastModified=1770565823&narHash=sha256-9p3xV8xC6blf7%2FuAgxguOWZW6tJKjiyY2QuveN%2BRquQ%3D#neovim-conf"
    },
    "go-task@3.48.0": {
      "last_modified": "2026-02-23T15:40:43Z",
      "resolved": "github:NixOS/nixpkgs/80d901ec0377e19ac3f7bb8c035201e2e098cc97#go-task",
      "source": "devbox-search",
      "version": "3.48.0",
      "systems": {
        "aarch64-darwin": {
          "outputs": [
            {
              "name": "out",
              "path": "/nix/store/lwkw29yi53lijzfjqcp01jkaqa5493wi-go-task-3.48.0",
              "default": true
            }
          ],
          "store_path": "/nix/store/lwkw29yi53lijzfjqcp01jkaqa5493wi-go-task-3.48.0"
        },
        "aarch64-linux": {
          "outputs": [
            {
              "name": "out",
              "path": "/nix/store/f6g3n71njj281hawy8chz56c6dy6icb9-go-task-3.48.0",
              "default": true
            }
          ],
          "store_path": "/nix/store/f6g3n71njj281hawy8chz56c6dy6icb9-go-task-3.48.0"
        },
        "x86_64-darwin": {
          "outputs": [
            {
              "name": "out",
              "path": "/nix/store/8ncbi1skdp8x0h5abwxrawffknrascmq-go-task-3.48.0",
              "default": true
            }
          ],
          "store_path": "/nix/store/8ncbi1skdp8x0h5abwxrawffknrascmq-go-task-3.48.0"
        },
        "x86_64-linux": {
          "outputs": [
            {
              "name": "out",
              "path": "/nix/store/5divyc7qn687x3cyq5gnyh46vgx7g9by-go-task-3.48.0",
              "default": true
            }
          ],
          "store_path": "/nix/store/5divyc7qn687x3cyq5gnyh46vgx7g9by-go-task-3.48.0"
        }
      }
    }
  }
}
